
Microsoft Visual Studio Solution File, Format Version 12.00
# Visual Studio 15
VisualStudioVersion = 15.0.26730.10
MinimumVisualStudioVersion = 10.0.40219.1
Project("{9A19103F-16F7-4668-BE54-9A1E7A4F7556}") = "EVESdeModdeler", "EVESdeModdeler\EVESdeModdeler.csproj", "{1258C74E-FA7F-4DAA-826E-A678B51BA98D}"
EndProject
Project("{FAE04EC0-301F-11D3-BF4B-00C04F79EFBC}") = "SQLForeignKeys", "SQLForeignKeys\SQLForeignKeys.csproj", "{57D8CDBD-10DA-4C17-A883-76ACEB060636}"
EndProject
Global
	GlobalSection(SolutionConfigurationPlatforms) = preSolution
		Debug|Any CPU = Debug|Any CPU
		Release|Any CPU = Release|Any CPU
	EndGlobalSection
	GlobalSection(ProjectConfigurationPlatforms) = postSolution
		{1258C74E-FA7F-4DAA-826E-A678B51BA98D}.Debug|Any CPU.ActiveCfg = Debug|Any CPU
		{1258C74E-FA7F-4DAA-826E-A678B51BA98D}.Debug|Any CPU.Build.0 = Debug|Any CPU
		{1258C74E-FA7F-4DAA-826E-A678B51BA98D}.Release|Any CPU.ActiveCfg = Release|Any CPU
		{1258C74E-FA7F-4DAA-826E-A678B51BA98D}.Release|Any CPU.Build.0 = Release|Any CPU
		{57D8CDBD-10DA-4C17-A883-76ACEB060636}.Debug|Any CPU.ActiveCfg = Debug|Any CPU
		{57D8CDBD-10DA-4C17-A883-76ACEB060636}.Debug|Any CPU.Build.0 = Debug|Any CPU
		{57D8CDBD-10DA-4C17-A883-76ACEB060636}.Release|Any CPU.ActiveCfg = Release|Any CPU
		{57D8CDBD-10DA-4C17-A883-76ACEB060636}.Release|Any CPU.Build.0 = Release|Any CPU
	EndGlobalSection
	GlobalSection(SolutionProperties) = preSolution
		HideSolutionNode = FALSE
	EndGlobalSection
	GlobalSection(ExtensibilityGlobals) = postSolution
		SolutionGuid = {C7828520-3B31-4777-A5A1-CFF2E5AEAA3D}
	EndGlobalSection
EndGlobal
